
Microsoft Visual Studio Solution File, Format Version 12.00
# Visual Studio Version 17
VisualStudioVersion = 17.6.33815.320
MinimumVisualStudioVersion = 10.0.40219.1
Project("{8BC9CEB8-8B4A-11D0-8D11-00A0C91BC942}") = "Binary Tree", "Binary Tree.vcxproj", "{04FFAEF1-3C36-47EC-98BD-7805E2D10EA9}"
EndProject
Global
	GlobalSection(SolutionConfigurationPlatforms) = preSolution
		Debug|x64 = Debug|x64
		Debug|x86 = Debug|x86
		Release|x64 = Release|x64
		Release|x86 = Release|x86
	EndGlobalSection
	GlobalSection(ProjectConfigurationPlatforms) = postSolution
		{04FFAEF1-3C36-47EC-98BD-7805E2D10EA9}.Debug|x64.ActiveCfg = Debug|x64
		{04FFAEF1-3C36-47EC-98BD-7805E2D10EA9}.Debug|x64.Build.0 = Debug|x64
		{04FFAEF1-3C36-47EC-98BD-7805E2D10EA9}.Debug|x86.ActiveCfg = Debug|Win32
		{04FFAEF1-3C36-47EC-98BD-7805E2D10EA9}.Debug|x86.Build.0 = Debug|Win32
		{04FFAEF1-3C36-47EC-98BD-7805E2D10EA9}.Release|x64.ActiveCfg = Release|x64
		{04FFAEF1-3C36-47EC-98BD-7805E2D10EA9}.Release|x64.Build.0 = Release|x64
		{04FFAEF1-3C36-47EC-98BD-7805E2D10EA9}.Release|x86.ActiveCfg = Release|Win32
		{04FFAEF1-3C36-47EC-98BD-7805E2D10EA9}.Release|x86.Build.0 = Release|Win32
	EndGlobalSection
	GlobalSection(SolutionProperties) = preSolution
		HideSolutionNode = FALSE
	EndGlobalSection
	GlobalSection(ExtensibilityGlobals) = postSolution
		SolutionGuid = {BFF14559-5F94-4D8C-A41F-EE76EDC7F38D}
	EndGlobalSection
EndGlobal
